#MicroXplorer Configuration settings - do not modify
Mcu.Family=STM32L4
ProjectManager.MainLocation=Core/Src
VP_STMicroelectronics.X-CUBE-AI_VS_ArtificialOoIntelligenceJjXAaCUBEAaAI_6.0.0.Mode=ArtificialOoIntelligenceJjXAaCUBEAaAI
RCC.USART1Freq_Value=80000000
RCC.SAI1Freq_Value=13714285.714285715
RCC.CortexFreq_Value=80000000
STMicroelectronics.X-CUBE-AI.6.0.0.MaximumSizeOfInputLayer=AI_TEST_NETWORK_MODEL_IN_1_SIZE_BYTES
ProjectManager.KeepUserCode=true
Mcu.UserName=STM32L475VGTx
USART1.BaudRate=921600
RCC.PLLSAI1RoutputFreq_Value=48000000
STMicroelectronics.X-CUBE-AI.6.0.0.ModelFlashOccupation-a51c7e1738679ce01214449b1799412b142506731ab1d82981fa739917d92a0a=19728
USART1.VirtualMode-Synchronous=VM_SYNC
ProjectManager.functionlistsort=1-MX_GPIO_Init-GPIO-false-HAL-true,2-MX_DMA_Init-DMA-false-HAL-true,3-SystemClock_Config-RCC-false-HAL-false,4-MX_USART1_Init-USART1-false-HAL-true,5-MX_DFSDM1_Init-DFSDM1-false-HAL-true,6-MX_CRC_Init-CRC-false-HAL-true,7-MX_TIM16_Init-TIM16-false-HAL-true
PA13\ (JTMS-SWDIO).Locked=true
RCC.USART2Freq_Value=80000000
Dma.DFSDM1_FLT0.0.Mode=DMA_CIRCULAR
DFSDM1.Filter_injChannel2_FIL0=__NULL
STMicroelectronics.X-CUBE-AI.6.0.0.StackSize=0x1000
USART1.IPParameters=VirtualMode-Synchronous,BaudRate
Dma.DFSDM1_FLT0.0.MemDataAlignment=DMA_MDATAALIGN_WORD
PinOutPanel.RotationAngle=0
RCC.MCO1PinFreq_Value=80000000
RCC.SYSCLKSource=RCC_SYSCLKSOURCE_PLLCLK
ProjectManager.StackSize=0x200
PB3\ (JTDO-TRACESWO).Signal=SYS_JTDO-SWO
VP_FREERTOS_VS_CMSIS_V2.Mode=CMSIS_V2
PA14\ (JTCK-SWCLK).Signal=SYS_JTCK-SWCLK
RCC.I2C3Freq_Value=80000000
RCC.LPTIM1Freq_Value=80000000
Mcu.IP4=NVIC
Mcu.IP5=RCC
RCC.FCLKCortexFreq_Value=80000000
Mcu.IP2=DMA
NVIC.SVCall_IRQn=true\:0\:0\:false\:false\:false\:false\:true\:false
Mcu.IP3=FREERTOS
Mcu.IP0=CRC
Mcu.IP1=DFSDM1
Mcu.UserConstants=
RCC.VCOSAI1OutputFreq_Value=96000000
RCC.SDMMCFreq_Value=48000000
Mcu.ThirdPartyNb=1
STMicroelectronics.X-CUBE-AI.6.0.0_SwParameter=XAaCUBEAaAICcArtificialOoIntelligenceJjCore\:true;
RCC.HCLKFreq_Value=80000000
STMicroelectronics.X-CUBE-AI.6.0.0.ModelActualCompression-a51c7e1738679ce01214449b1799412b142506731ab1d82981fa739917d92a0a=0.0
Mcu.IPNb=9
ProjectManager.PreviousToolchain=
RCC.APB2TimFreq_Value=80000000
PB6.Signal=USART1_TX
PB6.Mode=Synchronous
STMicroelectronics.X-CUBE-AI.6.0.0.copyWeightToRam-a51c7e1738679ce01214449b1799412b142506731ab1d82981fa739917d92a0a=false
Mcu.Pin6=PB5
RCC.SAI2Freq_Value=13714285.714285715
Mcu.Pin7=PB6
Mcu.Pin8=PB7
Mcu.Pin9=VP_CRC_VS_CRC
FREERTOS.IPParameters=Tasks01,FootprintOK,configTOTAL_HEAP_SIZE,configCHECK_FOR_STACK_OVERFLOW,configRECORD_STACK_HIGH_ADDRESS
RCC.AHBFreq_Value=80000000
Mcu.Pin0=PA5
Mcu.Pin1=PE7
GPIO.groupedBy=Group By Peripherals
Mcu.Pin2=PE9
Mcu.Pin3=PA13 (JTMS-SWDIO)
RCC.USART3Freq_Value=80000000
Mcu.Pin4=PA14 (JTCK-SWCLK)
Mcu.Pin5=PB3 (JTDO-TRACESWO)
ProjectManager.ProjectBuild=false
RCC.HSE_VALUE=8000000
NVIC.UsageFault_IRQn=true\:0\:0\:false\:false\:true\:false\:true\:false
Dma.DFSDM1_FLT0.0.Direction=DMA_PERIPH_TO_MEMORY
NVIC.DebugMonitor_IRQn=true\:0\:0\:false\:false\:true\:false\:true\:false
STMicroelectronics.X-CUBE-AI.6.0.0.ModelName-a51c7e1738679ce01214449b1799412b142506731ab1d82981fa739917d92a0a=test_network_model
NVIC.SysTick_IRQn=true\:15\:0\:false\:false\:false\:true\:true\:true
DFSDM1.FastMode_reg_FIL0=ENABLE
ProjectManager.FirmwarePackage=STM32Cube FW_L4 V1.17.0
MxDb.Version=DB.6.0.20
Mcu.ThirdParty0=STMicroelectronics.X-CUBE-AI.6.0.0
ProjectManager.BackupPrevious=false
Dma.DFSDM1_FLT0.0.Instance=DMA1_Channel4
RCC.VCOInputFreq_Value=4000000
PE9.Signal=S_CKOUTDFSDM1
STMicroelectronics.X-CUBE-AI.6.0.0.XAaCUBEAaAICcArtificialOoIntelligenceJjCore=true
PE9.Locked=true
VP_SYS_VS_tim1.Mode=TIM1
PB5.Mode=Synchronous
File.Version=6
PB7.Signal=USART1_RX
RCC.PLLRCLKFreq_Value=80000000
DFSDM1.Fosr_FIL0=50
DFSDM1.RightBitShift_CH2=0
PB6.Locked=true
NVIC.PendSV_IRQn=true\:15\:0\:false\:false\:false\:true\:true\:false
Dma.RequestsNb=1
ProjectManager.HalAssertFull=false
FREERTOS.configTOTAL_HEAP_SIZE=0x5000
ProjectManager.ProjectName=CryBabyCry
Mcu.Package=LQFP100
PA5.Locked=true
NVIC.TimeBase=TIM1_UP_TIM16_IRQn
ProjectManager.ToolChainLocation=
RCC.LSI_VALUE=32000
NVIC.TimeBaseIP=TIM1
RCC.LSCOPinFreq_Value=32000
FREERTOS.FootprintOK=true
RCC.DFSDMFreq_Value=80000000
PA5.GPIOParameters=GPIO_Speed,GPIO_Label
RCC.PLLPoutputFreq_Value=22857142.85714286
RCC.APB1TimFreq_Value=80000000
NVIC.BusFault_IRQn=true\:0\:0\:false\:false\:true\:false\:true\:false
RCC.LPUART1Freq_Value=80000000
NVIC.DMA1_Channel4_IRQn=true\:5\:0\:false\:false\:true\:true\:false\:true
STMicroelectronics.X-CUBE-AI.6.0.0.customLayerConfigEnabled-a51c7e1738679ce01214449b1799412b142506731ab1d82981fa739917d92a0a=false
TIM16.Prescaler=80 - 1
PE7.Signal=S_DATAIN2DFSDM1
PA13\ (JTMS-SWDIO).Signal=SYS_JTMS-SWDIO
Dma.Request0=DFSDM1_FLT0
DFSDM1.SincOrder_FIL0=DFSDM_FILTER_SINC3_ORDER
ProjectManager.CustomerFirmwarePackage=
PB3\ (JTDO-TRACESWO).Locked=true
RCC.PLLSAI1N=24
VP_STMicroelectronics.X-CUBE-AI_VS_ArtificialOoIntelligenceJjXAaCUBEAaAI_6.0.0.Signal=STMicroelectronics.X-CUBE-AI_VS_ArtificialOoIntelligenceJjXAaCUBEAaAI_6.0.0
RCC.MSI_VALUE=4000000
PA14\ (JTCK-SWCLK).Mode=Trace_Asynchronous_SW
RCC.PLLQoutputFreq_Value=80000000
ProjectManager.ProjectFileName=CryBabyCry.ioc
Dma.DFSDM1_FLT0.0.RequestParameters=Instance,Direction,PeriphInc,MemInc,PeriphDataAlignment,MemDataAlignment,Mode,Priority
FREERTOS.Tasks01=defaultTask,24,512,StartDefaultTask,Default,NULL,Dynamic,NULL,NULL;audio_preproces,31,512,vTask_audio_preproces,Default,NULL,Dynamic,NULL,NULL;nn_inference,8,3900,vTask_nn_inference,Default,NULL,Dynamic,NULL,NULL
Dma.DFSDM1_FLT0.0.PeriphInc=DMA_PINC_DISABLE
Mcu.PinsNb=14
ProjectManager.NoMain=false
NVIC.SavedSvcallIrqHandlerGenerated=true
SH.S_CKOUTDFSDM1.ConfNb=2
RCC.SWPMI1Freq_Value=80000000
FREERTOS.configCHECK_FOR_STACK_OVERFLOW=0
STMicroelectronics.X-CUBE-AI.6.0.0.LatestDirectoryUsed-a51c7e1738679ce01214449b1799412b142506731ab1d82981fa739917d92a0a=/home/jakub/Uni/2021_MLMCU/Labs/Lab2
STMicroelectronics.X-CUBE-AI.6.0.0.MaximumSizeOfOutputLayer=AI_TEST_NETWORK_MODEL_OUT_1_SIZE_BYTES
Dma.DFSDM1_FLT0.0.MemInc=DMA_MINC_ENABLE
Dma.DFSDM1_FLT0.0.Priority=DMA_PRIORITY_MEDIUM
STMicroelectronics.X-CUBE-AI.6.0.0.ModelStructureFile-a51c7e1738679ce01214449b1799412b142506731ab1d82981fa739917d92a0a=/home/jakub/Uni/2021_MLMCU/Labs/Lab2/MFCC.tflite
SH.S_DATAIN2DFSDM1.0=DFSDM1_DATIN2,PDM_SPI_input_from_ch2_and_internal_clock
ProjectManager.DefaultFWLocation=true
VP_TIM16_VS_ClockSourceINT.Mode=Enable_Timer
ProjectManager.DeletePrevious=true
RCC.VCOSAI2OutputFreq_Value=32000000
STMicroelectronics.X-CUBE-AI.6.0.0.ModelType-a51c7e1738679ce01214449b1799412b142506731ab1d82981fa739917d92a0a=STM32Cube.AI runtime
boardIOC=true
RCC.FamilyName=M
STMicroelectronics.X-CUBE-AI.6.0.0.ModelHashList=a51c7e1738679ce01214449b1799412b142506731ab1d82981fa739917d92a0a
STMicroelectronics.X-CUBE-AI.6.0.0.IPParameters=HeapSize,StackSize,ModelName-a51c7e1738679ce01214449b1799412b142506731ab1d82981fa739917d92a0a,ModelKind-a51c7e1738679ce01214449b1799412b142506731ab1d82981fa739917d92a0a,ModelHashList,ModelNameList,WorkingBufferStartAddrList,LatestDirectoryUsed-a51c7e1738679ce01214449b1799412b142506731ab1d82981fa739917d92a0a,ModelStructureFile-a51c7e1738679ce01214449b1799412b142506731ab1d82981fa739917d92a0a,ModelMacc-a51c7e1738679ce01214449b1799412b142506731ab1d82981fa739917d92a0a,ModelActualCompression-a51c7e1738679ce01214449b1799412b142506731ab1d82981fa739917d92a0a,ModelFlashOccupation-a51c7e1738679ce01214449b1799412b142506731ab1d82981fa739917d92a0a,ModelRamOccupation-a51c7e1738679ce01214449b1799412b142506731ab1d82981fa739917d92a0a,copyWeightToRam-a51c7e1738679ce01214449b1799412b142506731ab1d82981fa739917d92a0a,customLayerConfigEnabled-a51c7e1738679ce01214449b1799412b142506731ab1d82981fa739917d92a0a,ModelCompression-a51c7e1738679ce01214449b1799412b142506731ab1d82981fa739917d92a0a,InternalRamActivationBufferMaxSize,ActivationBufferSizeList,MaximumNumberOfInputLayer,MaximumNumberOfOutputLayer,MaximumSizeOfInputLayer,MaximumSizeOfOutputLayer,XAaCUBEAaAICcArtificialOoIntelligenceJjCore,ModelType-a51c7e1738679ce01214449b1799412b142506731ab1d82981fa739917d92a0a
FREERTOS.configRECORD_STACK_HIGH_ADDRESS=1
Dma.DFSDM1_FLT0.0.PeriphDataAlignment=DMA_PDATAALIGN_WORD
ProjectManager.TargetToolchain=STM32CubeIDE
STMicroelectronics.X-CUBE-AI.6.0.0.InternalRamActivationBufferMaxSize=AI_TEST_NETWORK_MODEL_DATA_ACTIVATIONS_SIZE
VP_CRC_VS_CRC.Signal=CRC_VS_CRC
PB5.Locked=true
STMicroelectronics.X-CUBE-AI.6.0.0.WorkingBufferStartAddrList=0xFFFFFFFF
STMicroelectronics.X-CUBE-AI.6.0.0.ModelNameList=test_network_model
ProjectManager.RegisterCallBack=
RCC.USBFreq_Value=48000000
STMicroelectronics.X-CUBE-AI.6.0.0.MaximumNumberOfOutputLayer=1
RCC.LSE_VALUE=32768
RCC.PLLSAI1PoutputFreq_Value=13714285.714285715
RCC.PLLSAI2RoutputFreq_Value=16000000
PA5.Signal=GPIO_Output
STMicroelectronics.X-CUBE-AI.6.0.0.ArtificialOoIntelligenceJjXAaCUBEAaAI_Checked=true
board=B-L475E-IOT01A1
RCC.VCOOutputFreq_Value=160000000
ProjectManager.LastFirmware=true
NVIC.DFSDM1_FLT0_IRQn=true\:5\:0\:false\:false\:true\:true\:true\:true
TIM16.Period=65536-1
RCC.APB2Freq_Value=80000000
NVIC.SavedSystickIrqHandlerGenerated=true
RCC.UART4Freq_Value=80000000
STMicroelectronics.X-CUBE-AI.6.0.0.ModelMacc-a51c7e1738679ce01214449b1799412b142506731ab1d82981fa739917d92a0a=553623
MxCube.Version=6.2.0
RCC.I2C1Freq_Value=80000000
VP_SYS_VS_tim1.Signal=SYS_VS_tim1
PB3\ (JTDO-TRACESWO).Mode=Trace_Asynchronous_SW
RCC.RNGFreq_Value=48000000
SH.S_CKOUTDFSDM1.0=DFSDM1_CKOUT,PDM_SPI_input_from_ch2_and_internal_clock
RCC.PLLSAI1QoutputFreq_Value=48000000
SH.S_CKOUTDFSDM1.1=DFSDM1_CKOUT,CKOUT
RCC.ADCFreq_Value=48000000
STMicroelectronics.X-CUBE-AI.6.0.0.ModelRamOccupation-a51c7e1738679ce01214449b1799412b142506731ab1d82981fa739917d92a0a=10238
VP_TIM16_VS_ClockSourceINT.Signal=TIM16_VS_ClockSourceINT
NVIC.NonMaskableInt_IRQn=true\:0\:0\:false\:false\:true\:false\:true\:false
RCC.UART5Freq_Value=80000000
PE7.Locked=true
ProjectManager.FreePins=false
RCC.IPParameters=ADCFreq_Value,AHBFreq_Value,APB1Freq_Value,APB1TimFreq_Value,APB2Freq_Value,APB2TimFreq_Value,CortexFreq_Value,DFSDMFreq_Value,FCLKCortexFreq_Value,FamilyName,HCLKFreq_Value,HSE_VALUE,HSI_VALUE,I2C1Freq_Value,I2C2Freq_Value,I2C3Freq_Value,LPTIM1Freq_Value,LPTIM2Freq_Value,LPUART1Freq_Value,LSCOPinFreq_Value,LSE_VALUE,LSI_VALUE,MCO1PinFreq_Value,MSI_VALUE,PLLN,PLLPoutputFreq_Value,PLLQoutputFreq_Value,PLLRCLKFreq_Value,PLLSAI1N,PLLSAI1PoutputFreq_Value,PLLSAI1QoutputFreq_Value,PLLSAI1RoutputFreq_Value,PLLSAI2PoutputFreq_Value,PLLSAI2RoutputFreq_Value,PWRFreq_Value,RNGFreq_Value,SAI1Freq_Value,SAI2Freq_Value,SDMMCFreq_Value,SWPMI1Freq_Value,SYSCLKFreq_VALUE,SYSCLKSource,UART4Freq_Value,UART5Freq_Value,USART1Freq_Value,USART2Freq_Value,USART3Freq_Value,USBFreq_Value,VCOInputFreq_Value,VCOOutputFreq_Value,VCOSAI1OutputFreq_Value,VCOSAI2OutputFreq_Value
ProjectManager.AskForMigrate=true
Mcu.Name=STM32L475V(C-E-G)Tx
RCC.LPTIM2Freq_Value=80000000
NVIC.SavedPendsvIrqHandlerGenerated=true
ProjectManager.UnderRoot=true
Mcu.IP8=USART1
VP_FREERTOS_VS_CMSIS_V2.Signal=FREERTOS_VS_CMSIS_V2
Mcu.IP6=SYS
Mcu.IP7=TIM16
ProjectManager.CoupleFile=true
STMicroelectronics.X-CUBE-AI.6.0.0.ModelKind-a51c7e1738679ce01214449b1799412b142506731ab1d82981fa739917d92a0a=TFLITE
PA13\ (JTMS-SWDIO).Mode=Trace_Asynchronous_SW
RCC.SYSCLKFreq_VALUE=80000000
PB5.Signal=USART1_CK
PA5.GPIO_Label=LED1
PA14\ (JTCK-SWCLK).Locked=true
NVIC.ForceEnableDMAVector=true
RCC.PLLSAI2PoutputFreq_Value=4571428.571428572
KeepUserPlacement=false
NVIC.MemoryManagement_IRQn=true\:0\:0\:false\:false\:true\:false\:true\:false
ProjectManager.CompilerOptimize=6
PB7.Mode=Synchronous
SH.S_DATAIN2DFSDM1.ConfNb=1
STMicroelectronics.X-CUBE-AI.6.0.0.MaximumNumberOfInputLayer=1
ProjectManager.HeapSize=0x0
NVIC.HardFault_IRQn=true\:0\:0\:false\:false\:true\:false\:true\:false
Mcu.Pin13=VP_STMicroelectronics.X-CUBE-AI_VS_ArtificialOoIntelligenceJjXAaCUBEAaAI_6.0.0
STMicroelectronics.X-CUBE-AI.6.0.0.HeapSize=0x0
ProjectManager.ComputerToolchain=false
RCC.HSI_VALUE=16000000
DFSDM1.IPParameters=Filter_injChannel2_FIL0,Filter_regChannel_FIL0,FastMode_reg_FIL0,DmaMode_reg_FIL0,SincOrder_FIL0,Fosr_FIL0,Divider,RightBitShift_CH2
NVIC.TIM1_UP_TIM16_IRQn=true\:0\:0\:false\:false\:true\:false\:false\:true
PA5.GPIO_Speed=GPIO_SPEED_FREQ_LOW
STMicroelectronics.X-CUBE-AI.6.0.0.ModelCompression-a51c7e1738679ce01214449b1799412b142506731ab1d82981fa739917d92a0a=1
NVIC.PriorityGroup=NVIC_PRIORITYGROUP_4
DFSDM1.DmaMode_reg_FIL0=ENABLE
Mcu.Pin11=VP_SYS_VS_tim1
Mcu.Pin12=VP_TIM16_VS_ClockSourceINT
RCC.PLLN=40
Mcu.Pin10=VP_FREERTOS_VS_CMSIS_V2
PB7.Locked=true
DFSDM1.Divider=100
RCC.PWRFreq_Value=80000000
TIM16.IPParameters=Prescaler,Period
DFSDM1.Filter_regChannel_FIL0=DFSDM_CHANNEL_2
RCC.I2C2Freq_Value=80000000
RCC.APB1Freq_Value=80000000
VP_CRC_VS_CRC.Mode=CRC_Activate
STMicroelectronics.X-CUBE-AI.6.0.0.ActivationBufferSizeList=10238
ProjectManager.DeviceId=STM32L475VGTx
ProjectManager.LibraryCopy=1
isbadioc=false
